
Microsoft Visual Studio Solution File, Format Version 12.00
# Visual Studio 15
VisualStudioVersion = 15.0.28010.2046
MinimumVisualStudioVersion = 10.0.40219.1
Project("{FAE04EC0-301F-11D3-BF4B-00C04F79EFBC}") = "Sample06", "Sample06\Sample06.csproj", "{913438B4-9645-4D20-8285-55577A2CEF2A}"
EndProject
Global
	GlobalSection(SolutionConfigurationPlatforms) = preSolution
		Debug|Any CPU = Debug|Any CPU
		Release|Any CPU = Release|Any CPU
	EndGlobalSection
	GlobalSection(ProjectConfigurationPlatforms) = postSolution
		{913438B4-9645-4D20-8285-55577A2CEF2A}.Debug|Any CPU.ActiveCfg = Debug|Any CPU
		{913438B4-9645-4D20-8285-55577A2CEF2A}.Debug|Any CPU.Build.0 = Debug|Any CPU
		{913438B4-9645-4D20-8285-55577A2CEF2A}.Release|Any CPU.ActiveCfg = Release|Any CPU
		{913438B4-9645-4D20-8285-55577A2CEF2A}.Release|Any CPU.Build.0 = Release|Any CPU
	EndGlobalSection
	GlobalSection(SolutionProperties) = preSolution
		HideSolutionNode = FALSE
	EndGlobalSection
	GlobalSection(ExtensibilityGlobals) = postSolution
		SolutionGuid = {67D0A7F3-8B81-4156-AB99-DC2CD178EE9A}
	EndGlobalSection
EndGlobal
